
Microsoft Visual Studio Solution File, Format Version 9.00
# Visual C++ Express 2005
Project("{8BC9CEB8-8B4A-11D0-8D11-00A0C91BC942}") = "vis_satan", "vis_satan.vcproj", "{9839944D-FA2C-4CC7-B116-A8D31005979F}"
EndProject
Global
	GlobalSection(SolutionConfigurationPlatforms) = preSolution
		Debug|Win32 = Debug|Win32
		Release|Win32 = Release|Win32
	EndGlobalSection
	GlobalSection(ProjectConfigurationPlatforms) = postSolution
		{9839944D-FA2C-4CC7-B116-A8D31005979F}.Debug|Win32.ActiveCfg = Debug|Win32
		{9839944D-FA2C-4CC7-B116-A8D31005979F}.Debug|Win32.Build.0 = Debug|Win32
		{9839944D-FA2C-4CC7-B116-A8D31005979F}.Release|Win32.ActiveCfg = Release|Win32
		{9839944D-FA2C-4CC7-B116-A8D31005979F}.Release|Win32.Build.0 = Release|Win32
	EndGlobalSection
	GlobalSection(SolutionProperties) = preSolution
		HideSolutionNode = FALSE
	EndGlobalSection
EndGlobal
